
Microsoft Visual Studio Solution File, Format Version 12.00
# Visual Studio Version 16
VisualStudioVersion = 16.0.31424.327
MinimumVisualStudioVersion = 10.0.40219.1
Project("{FAE04EC0-301F-11D3-BF4B-00C04F79EFBC}") = "VariablesAndDataTypes", "VariablesAndDataTypes\VariablesAndDataTypes.csproj", "{404E7432-4D18-47A4-8C53-4F8C5D6478E0}"
EndProject
Global
	GlobalSection(SolutionConfigurationPlatforms) = preSolution
		Debug|Any CPU = Debug|Any CPU
		Release|Any CPU = Release|Any CPU
	EndGlobalSection
	GlobalSection(ProjectConfigurationPlatforms) = postSolution
		{404E7432-4D18-47A4-8C53-4F8C5D6478E0}.Debug|Any CPU.ActiveCfg = Debug|Any CPU
		{404E7432-4D18-47A4-8C53-4F8C5D6478E0}.Debug|Any CPU.Build.0 = Debug|Any CPU
		{404E7432-4D18-47A4-8C53-4F8C5D6478E0}.Release|Any CPU.ActiveCfg = Release|Any CPU
		{404E7432-4D18-47A4-8C53-4F8C5D6478E0}.Release|Any CPU.Build.0 = Release|Any CPU
	EndGlobalSection
	GlobalSection(SolutionProperties) = preSolution
		HideSolutionNode = FALSE
	EndGlobalSection
	GlobalSection(ExtensibilityGlobals) = postSolution
		SolutionGuid = {60630AAB-AA38-47A6-9473-E0EFDD861CC1}
	EndGlobalSection
EndGlobal
